
Microsoft Visual Studio Solution File, Format Version 12.00
# Visual Studio 15
VisualStudioVersion = 15.0.27428.2037
MinimumVisualStudioVersion = 10.0.40219.1
Project("{9A19103F-16F7-4668-BE54-9A1E7A4F7556}") = "StatesLanguage", "src\StatesLanguage.csproj", "{150A54D4-B770-4AD4-99C7-6B034754D47F}"
EndProject
Project("{9A19103F-16F7-4668-BE54-9A1E7A4F7556}") = "StatesLanguage.Tests", "test\StatesLanguage.Tests.csproj", "{A6A87B57-1D55-42D2-A332-99590304AE9E}"
EndProject
Project("{2150E333-8FDC-42A3-9474-1A3956D46DE8}") = "Solution Items", "Solution Items", "{CFC92A35-CAB2-4296-BF91-4364733739BB}"
	ProjectSection(SolutionItems) = preProject
		LICENSE = LICENSE
		README.md = README.md
	EndProjectSection
EndProject
Global
	GlobalSection(SolutionConfigurationPlatforms) = preSolution
		Debug|Any CPU = Debug|Any CPU
		Release|Any CPU = Release|Any CPU
	EndGlobalSection
	GlobalSection(ProjectConfigurationPlatforms) = postSolution
		{150A54D4-B770-4AD4-99C7-6B034754D47F}.Debug|Any CPU.ActiveCfg = Debug|Any CPU
		{150A54D4-B770-4AD4-99C7-6B034754D47F}.Debug|Any CPU.Build.0 = Debug|Any CPU
		{150A54D4-B770-4AD4-99C7-6B034754D47F}.Release|Any CPU.ActiveCfg = Release|Any CPU
		{150A54D4-B770-4AD4-99C7-6B034754D47F}.Release|Any CPU.Build.0 = Release|Any CPU
		{A6A87B57-1D55-42D2-A332-99590304AE9E}.Debug|Any CPU.ActiveCfg = Debug|Any CPU
		{A6A87B57-1D55-42D2-A332-99590304AE9E}.Debug|Any CPU.Build.0 = Debug|Any CPU
		{A6A87B57-1D55-42D2-A332-99590304AE9E}.Release|Any CPU.ActiveCfg = Release|Any CPU
		{A6A87B57-1D55-42D2-A332-99590304AE9E}.Release|Any CPU.Build.0 = Release|Any CPU
	EndGlobalSection
	GlobalSection(SolutionProperties) = preSolution
		HideSolutionNode = FALSE
	EndGlobalSection
	GlobalSection(ExtensibilityGlobals) = postSolution
		SolutionGuid = {F770C9BF-C549-4C9E-9E92-409FEAD0C9EC}
	EndGlobalSection
EndGlobal
